
Microsoft Visual Studio Solution File, Format Version 12.00
# Visual Studio Version 16
VisualStudioVersion = 16.0.31025.194
MinimumVisualStudioVersion = 10.0.40219.1
Project("{9A19103F-16F7-4668-BE54-9A1E7A4F7556}") = "Entities", "Entities\Entities.csproj", "{72E154AC-EC32-4099-8992-2744FB47118F}"
EndProject
Project("{9A19103F-16F7-4668-BE54-9A1E7A4F7556}") = "DataAccess", "DataAccess\DataAccess.csproj", "{A9E1865C-6880-4D89-BD25-266388754D2C}"
EndProject
Project("{9A19103F-16F7-4668-BE54-9A1E7A4F7556}") = "Business", "Business\Business.csproj", "{9868355B-0365-4E6A-8C65-7C51CF69FEED}"
EndProject
Project("{9A19103F-16F7-4668-BE54-9A1E7A4F7556}") = "Core", "Core\Core.csproj", "{FB56BF0C-1127-4536-B1B6-CB4A139CFF8C}"
EndProject
Project("{FAE04EC0-301F-11D3-BF4B-00C04F79EFBC}") = "ControlUI_WF", "WindowsFormsApp1\ControlUI_WF.csproj", "{ECDC9A16-0922-4B2C-B2AD-44DAE6D7BB27}"
EndProject
Global
	GlobalSection(SolutionConfigurationPlatforms) = preSolution
		Debug|Any CPU = Debug|Any CPU
		Release|Any CPU = Release|Any CPU
	EndGlobalSection
	GlobalSection(ProjectConfigurationPlatforms) = postSolution
		{72E154AC-EC32-4099-8992-2744FB47118F}.Debug|Any CPU.ActiveCfg = Debug|Any CPU
		{72E154AC-EC32-4099-8992-2744FB47118F}.Debug|Any CPU.Build.0 = Debug|Any CPU
		{72E154AC-EC32-4099-8992-2744FB47118F}.Release|Any CPU.ActiveCfg = Release|Any CPU
		{72E154AC-EC32-4099-8992-2744FB47118F}.Release|Any CPU.Build.0 = Release|Any CPU
		{A9E1865C-6880-4D89-BD25-266388754D2C}.Debug|Any CPU.ActiveCfg = Debug|Any CPU
		{A9E1865C-6880-4D89-BD25-266388754D2C}.Debug|Any CPU.Build.0 = Debug|Any CPU
		{A9E1865C-6880-4D89-BD25-266388754D2C}.Release|Any CPU.ActiveCfg = Release|Any CPU
		{A9E1865C-6880-4D89-BD25-266388754D2C}.Release|Any CPU.Build.0 = Release|Any CPU
		{9868355B-0365-4E6A-8C65-7C51CF69FEED}.Debug|Any CPU.ActiveCfg = Debug|Any CPU
		{9868355B-0365-4E6A-8C65-7C51CF69FEED}.Debug|Any CPU.Build.0 = Debug|Any CPU
		{9868355B-0365-4E6A-8C65-7C51CF69FEED}.Release|Any CPU.ActiveCfg = Release|Any CPU
		{9868355B-0365-4E6A-8C65-7C51CF69FEED}.Release|Any CPU.Build.0 = Release|Any CPU
		{FB56BF0C-1127-4536-B1B6-CB4A139CFF8C}.Debug|Any CPU.ActiveCfg = Debug|Any CPU
		{FB56BF0C-1127-4536-B1B6-CB4A139CFF8C}.Debug|Any CPU.Build.0 = Debug|Any CPU
		{FB56BF0C-1127-4536-B1B6-CB4A139CFF8C}.Release|Any CPU.ActiveCfg = Release|Any CPU
		{FB56BF0C-1127-4536-B1B6-CB4A139CFF8C}.Release|Any CPU.Build.0 = Release|Any CPU
		{ECDC9A16-0922-4B2C-B2AD-44DAE6D7BB27}.Debug|Any CPU.ActiveCfg = Debug|Any CPU
		{ECDC9A16-0922-4B2C-B2AD-44DAE6D7BB27}.Debug|Any CPU.Build.0 = Debug|Any CPU
		{ECDC9A16-0922-4B2C-B2AD-44DAE6D7BB27}.Release|Any CPU.ActiveCfg = Release|Any CPU
		{ECDC9A16-0922-4B2C-B2AD-44DAE6D7BB27}.Release|Any CPU.Build.0 = Release|Any CPU
	EndGlobalSection
	GlobalSection(SolutionProperties) = preSolution
		HideSolutionNode = FALSE
	EndGlobalSection
	GlobalSection(ExtensibilityGlobals) = postSolution
		SolutionGuid = {8A92A2E1-6896-4CE4-AB61-81ED521CDB2A}
	EndGlobalSection
EndGlobal
